// !$*UTF8*$!
{
	archiveVersion = 1;
	classes = {
	};
	objectVersion = 77;
	objects = {

/* Begin PBXBuildFile section */
		7303751F2D18107300C0885F /* EnterTextView.swift in Sources */ = {isa = PBXBuildFile; fileRef = 7303751E2D18107300C0885F /* EnterTextView.swift */; };
		730375212D18108A00C0885F /* EnterBtnView.swift in Sources */ = {isa = PBXBuildFile; fileRef = 730375202D18108A00C0885F /* EnterBtnView.swift */; };
		730375232D18150500C0885F /* PermissionManager.swift in Sources */ = {isa = PBXBuildFile; fileRef = 730375222D18150500C0885F /* PermissionManager.swift */; };
		730375252D18211600C0885F /* PopAuthDescView.swift in Sources */ = {isa = PBXBuildFile; fileRef = 730375242D18211600C0885F /* PopAuthDescView.swift */; };
		730375272D184F7700C0885F /* PopSelectPcView.swift in Sources */ = {isa = PBXBuildFile; fileRef = 730375262D184F7700C0885F /* PopSelectPcView.swift */; };
		730375292D185AF200C0885F /* FaceViewController.swift in Sources */ = {isa = PBXBuildFile; fileRef = 730375282D185AF200C0885F /* FaceViewController.swift */; };
		7303752B2D1870F300C0885F /* AuthYIViewController.swift in Sources */ = {isa = PBXBuildFile; fileRef = 7303752A2D1870F300C0885F /* AuthYIViewController.swift */; };
		7326103E2D213BA40022C023 /* CycleViewCell.swift in Sources */ = {isa = PBXBuildFile; fileRef = 7326103D2D213B9B0022C023 /* CycleViewCell.swift */; };
		734312DC2CF96A9F007FB9AB /* AppDelegate.swift in Sources */ = {isa = PBXBuildFile; fileRef = 734312D62CF96A9F007FB9AB /* AppDelegate.swift */; };
		734312DD2CF96A9F007FB9AB /* Assets.xcassets in Resources */ = {isa = PBXBuildFile; fileRef = 734312D72CF96A9F007FB9AB /* Assets.xcassets */; };
		734312DF2CF96A9F007FB9AB /* LaunchScreen.storyboard in Resources */ = {isa = PBXBuildFile; fileRef = 734312DA2CF96A9F007FB9AB /* LaunchScreen.storyboard */; };
		734312E92CF97481007FB9AB /* RequestManager.swift in Sources */ = {isa = PBXBuildFile; fileRef = 734312E82CF97481007FB9AB /* RequestManager.swift */; };
		734C6CDC2D14687300B2DB98 /* KFCViewController.swift in Sources */ = {isa = PBXBuildFile; fileRef = 734C6CDB2D14687300B2DB98 /* KFCViewController.swift */; };
		734C6CDE2D14790900B2DB98 /* KFCTableViewCell.swift in Sources */ = {isa = PBXBuildFile; fileRef = 734C6CDD2D14790900B2DB98 /* KFCTableViewCell.swift */; };
		734C6CE02D147B5600B2DB98 /* PhotoViewController.swift in Sources */ = {isa = PBXBuildFile; fileRef = 734C6CDF2D147B5600B2DB98 /* PhotoViewController.swift */; };
		734F7D932D144E760086A214 /* StepView.swift in Sources */ = {isa = PBXBuildFile; fileRef = 734F7D922D144E760086A214 /* StepView.swift */; };
		7374160D2D0D56EB00E6CD23 /* LoginView.swift in Sources */ = {isa = PBXBuildFile; fileRef = 7374160C2D0D56EB00E6CD23 /* LoginView.swift */; };
		737416112D0D581700E6CD23 /* BaseConfig.swift in Sources */ = {isa = PBXBuildFile; fileRef = 737416102D0D581700E6CD23 /* BaseConfig.swift */; };
		737416132D0D5FFA00E6CD23 /* LoginViewController.swift in Sources */ = {isa = PBXBuildFile; fileRef = 737416122D0D5FFA00E6CD23 /* LoginViewController.swift */; };
		737416152D0D6F3D00E6CD23 /* HomeViewController.swift in Sources */ = {isa = PBXBuildFile; fileRef = 737416142D0D6F3D00E6CD23 /* HomeViewController.swift */; };
		737416172D0D6F4800E6CD23 /* OrdersViewController.swift in Sources */ = {isa = PBXBuildFile; fileRef = 737416162D0D6F4800E6CD23 /* OrdersViewController.swift */; };
		737416192D0D6F5000E6CD23 /* CenterViewController.swift in Sources */ = {isa = PBXBuildFile; fileRef = 737416182D0D6F5000E6CD23 /* CenterViewController.swift */; };
		7374161D2D0E92CA00E6CD23 /* HomeSubView.swift in Sources */ = {isa = PBXBuildFile; fileRef = 7374161C2D0E92CA00E6CD23 /* HomeSubView.swift */; };
		7374161F2D0E92D700E6CD23 /* HomeMainView.swift in Sources */ = {isa = PBXBuildFile; fileRef = 7374161E2D0E92D700E6CD23 /* HomeMainView.swift */; };
		737416232D0E9CA100E6CD23 /* CenterView.swift in Sources */ = {isa = PBXBuildFile; fileRef = 737416222D0E9CA100E6CD23 /* CenterView.swift */; };
		737416252D0EA0CC00E6CD23 /* HeadView.swift in Sources */ = {isa = PBXBuildFile; fileRef = 737416242D0EA0CC00E6CD23 /* HeadView.swift */; };
		737416292D0EAF5C00E6CD23 /* SetViewController.swift in Sources */ = {isa = PBXBuildFile; fileRef = 737416282D0EAF5C00E6CD23 /* SetViewController.swift */; };
		737416522D10610C00E6CD23 /* LConig.swift in Sources */ = {isa = PBXBuildFile; fileRef = 737416512D1060F900E6CD23 /* LConig.swift */; };
		737416542D1069AF00E6CD23 /* Model.swift in Sources */ = {isa = PBXBuildFile; fileRef = 737416532D1069AF00E6CD23 /* Model.swift */; };
		7393C2AB2D1F0DC10013F566 /* PushGoldenView.swift in Sources */ = {isa = PBXBuildFile; fileRef = 7393C2AA2D1F0DC10013F566 /* PushGoldenView.swift */; };
		7393C2AD2D1F15B80013F566 /* WebpageViewController.swift in Sources */ = {isa = PBXBuildFile; fileRef = 7393C2AC2D1F15B80013F566 /* WebpageViewController.swift */; };
		7393C2AF2D1F1F2D0013F566 /* OrderView.swift in Sources */ = {isa = PBXBuildFile; fileRef = 7393C2AE2D1F1F2D0013F566 /* OrderView.swift */; };
		7393C2B12D1FC1A80013F566 /* OrderViewCell.swift in Sources */ = {isa = PBXBuildFile; fileRef = 7393C2B02D1FC1A80013F566 /* OrderViewCell.swift */; };
		7393C2B32D1FCE190013F566 /* OrderemptyView.swift in Sources */ = {isa = PBXBuildFile; fileRef = 7393C2B22D1FCE190013F566 /* OrderemptyView.swift */; };
		7393C2B52D1FD42C0013F566 /* OrdereListviewController.swift in Sources */ = {isa = PBXBuildFile; fileRef = 7393C2B42D1FD42C0013F566 /* OrdereListviewController.swift */; };
		7393C2B72D1FE6F60013F566 /* NBOManager.swift in Sources */ = {isa = PBXBuildFile; fileRef = 7393C2B62D1FE6E50013F566 /* NBOManager.swift */; };
		73B1C3502D204837008D2E23 /* Networkmanager.swift in Sources */ = {isa = PBXBuildFile; fileRef = 73B1C34F2D20482A008D2E23 /* Networkmanager.swift */; };
		73B1C3522D20517C008D2E23 /* DeSbConfig.swift in Sources */ = {isa = PBXBuildFile; fileRef = 73B1C3512D20517B008D2E23 /* DeSbConfig.swift */; };
		73B1C3542D205199008D2E23 /* WallenConfig.swift in Sources */ = {isa = PBXBuildFile; fileRef = 73B1C3532D205193008D2E23 /* WallenConfig.swift */; };
		73B1C3562D2055AF008D2E23 /* WlaninfoConfig.swift in Sources */ = {isa = PBXBuildFile; fileRef = 73B1C3552D2055A7008D2E23 /* WlaninfoConfig.swift */; };
		73B1C3582D2055C7008D2E23 /* NcBdConfig.swift in Sources */ = {isa = PBXBuildFile; fileRef = 73B1C3572D2055C2008D2E23 /* NcBdConfig.swift */; };
		73B1C35A2D20FAC5008D2E23 /* LocationManager.swift in Sources */ = {isa = PBXBuildFile; fileRef = 73B1C3592D20FAC5008D2E23 /* LocationManager.swift */; };
		73B1C35C2D212F68008D2E23 /* ProductViewCell.swift in Sources */ = {isa = PBXBuildFile; fileRef = 73B1C35B2D212F68008D2E23 /* ProductViewCell.swift */; };
		73C752382D19A50900C47187 /* EnterWordsCell.swift in Sources */ = {isa = PBXBuildFile; fileRef = 73C752372D19A50900C47187 /* EnterWordsCell.swift */; };
		73C7523A2D19A55000C47187 /* ClockWordsCell.swift in Sources */ = {isa = PBXBuildFile; fileRef = 73C752392D19A55000C47187 /* ClockWordsCell.swift */; };
		73C7523C2D1AE77600C47187 /* ClickBtnConfig.swift in Sources */ = {isa = PBXBuildFile; fileRef = 73C7523B2D1AE77600C47187 /* ClickBtnConfig.swift */; };
		73C7523E2D1AEA5100C47187 /* PillConfig.swift in Sources */ = {isa = PBXBuildFile; fileRef = 73C7523D2D1AEA4500C47187 /* PillConfig.swift */; };
		73C752402D1B090A00C47187 /* AVTEViewController.swift in Sources */ = {isa = PBXBuildFile; fileRef = 73C7523F2D1B090A00C47187 /* AVTEViewController.swift */; };
		73C752422D1C487A00C47187 /* ConLULULemonViewController.swift in Sources */ = {isa = PBXBuildFile; fileRef = 73C752412D1C487A00C47187 /* ConLULULemonViewController.swift */; };
		73C752442D1C4CBE00C47187 /* ConLULULemonCong.swift in Sources */ = {isa = PBXBuildFile; fileRef = 73C752432D1C4CBE00C47187 /* ConLULULemonCong.swift */; };
		73C752462D1C51C400C47187 /* ConLULULemonCongTableViewCell.swift in Sources */ = {isa = PBXBuildFile; fileRef = 73C752452D1C51C400C47187 /* ConLULULemonCongTableViewCell.swift */; };
		73C752502D1D8D3D00C47187 /* ContactManager.swift in Sources */ = {isa = PBXBuildFile; fileRef = 73C7524F2D1D8D3C00C47187 /* ContactManager.swift */; };
		73C752522D1D9ACA00C47187 /* GoldenViewController.swift in Sources */ = {isa = PBXBuildFile; fileRef = 73C752512D1D9ACA00C47187 /* GoldenViewController.swift */; };
		73C8B4552D132A2700B10C07 /* ZTViewController.swift in Sources */ = {isa = PBXBuildFile; fileRef = 73C8B4542D132A2700B10C07 /* ZTViewController.swift */; };
		73E56BDF2D11B9070015BF34 /* LaunchViewController.swift in Sources */ = {isa = PBXBuildFile; fileRef = 73E56BDE2D11B9070015BF34 /* LaunchViewController.swift */; };
		73EEE7AD2D0B399F00001E22 /* BaseViewController.swift in Sources */ = {isa = PBXBuildFile; fileRef = 73EEE7AC2D0B399F00001E22 /* BaseViewController.swift */; };
		73EEE7AF2D0B39BD00001E22 /* BaseTabBarViewController.swift in Sources */ = {isa = PBXBuildFile; fileRef = 73EEE7AE2D0B39BD00001E22 /* BaseTabBarViewController.swift */; };
		73EEE7B12D0B39D300001E22 /* BaseNavigationController.swift in Sources */ = {isa = PBXBuildFile; fileRef = 73EEE7B02D0B39D300001E22 /* BaseNavigationController.swift */; };
		73EEE7B32D0B3A2F00001E22 /* BaseView.swift in Sources */ = {isa = PBXBuildFile; fileRef = 73EEE7B22D0B3A2F00001E22 /* BaseView.swift */; };
		73EEE7B52D0B3A4300001E22 /* BaseTableViewCell.swift in Sources */ = {isa = PBXBuildFile; fileRef = 73EEE7B42D0B3A4300001E22 /* BaseTableViewCell.swift */; };
		A438B259D72958E899BF844F /* Pods_LargeLoan.framework in Frameworks */ = {isa = PBXBuildFile; fileRef = 0485EC6366670F1DB4F68924 /* Pods_LargeLoan.framework */; };
/* End PBXBuildFile section */

/* Begin PBXFileReference section */
		0485EC6366670F1DB4F68924 /* Pods_LargeLoan.framework */ = {isa = PBXFileReference; explicitFileType = wrapper.framework; includeInIndex = 0; path = Pods_LargeLoan.framework; sourceTree = BUILT_PRODUCTS_DIR; };
		7303751E2D18107300C0885F /* EnterTextView.swift */ = {isa = PBXFileReference; lastKnownFileType = sourcecode.swift; path = EnterTextView.swift; sourceTree = "<group>"; };
		730375202D18108A00C0885F /* EnterBtnView.swift */ = {isa = PBXFileReference; lastKnownFileType = sourcecode.swift; path = EnterBtnView.swift; sourceTree = "<group>"; };
		730375222D18150500C0885F /* PermissionManager.swift */ = {isa = PBXFileReference; lastKnownFileType = sourcecode.swift; path = PermissionManager.swift; sourceTree = "<group>"; };
		730375242D18211600C0885F /* PopAuthDescView.swift */ = {isa = PBXFileReference; lastKnownFileType = sourcecode.swift; path = PopAuthDescView.swift; sourceTree = "<group>"; };
		730375262D184F7700C0885F /* PopSelectPcView.swift */ = {isa = PBXFileReference; lastKnownFileType = sourcecode.swift; path = PopSelectPcView.swift; sourceTree = "<group>"; };
		730375282D185AF200C0885F /* FaceViewController.swift */ = {isa = PBXFileReference; lastKnownFileType = sourcecode.swift; path = FaceViewController.swift; sourceTree = "<group>"; };
		7303752A2D1870F300C0885F /* AuthYIViewController.swift */ = {isa = PBXFileReference; lastKnownFileType = sourcecode.swift; path = AuthYIViewController.swift; sourceTree = "<group>"; };
		7326103D2D213B9B0022C023 /* CycleViewCell.swift */ = {isa = PBXFileReference; lastKnownFileType = sourcecode.swift; path = CycleViewCell.swift; sourceTree = "<group>"; };
		734312A92CF9693A007FB9AB /* LargeLoan.app */ = {isa = PBXFileReference; explicitFileType = wrapper.application; includeInIndex = 0; path = LargeLoan.app; sourceTree = BUILT_PRODUCTS_DIR; };
		734312D62CF96A9F007FB9AB /* AppDelegate.swift */ = {isa = PBXFileReference; lastKnownFileType = sourcecode.swift; path = AppDelegate.swift; sourceTree = "<group>"; };
		734312D72CF96A9F007FB9AB /* Assets.xcassets */ = {isa = PBXFileReference; lastKnownFileType = folder.assetcatalog; path = Assets.xcassets; sourceTree = "<group>"; };
		734312D82CF96A9F007FB9AB /* Info.plist */ = {isa = PBXFileReference; lastKnownFileType = text.plist.xml; path = Info.plist; sourceTree = "<group>"; };
		734312D92CF96A9F007FB9AB /* Base */ = {isa = PBXFileReference; lastKnownFileType = file.storyboard; name = Base; path = Base.lproj/LaunchScreen.storyboard; sourceTree = "<group>"; };
		734312E82CF97481007FB9AB /* RequestManager.swift */ = {isa = PBXFileReference; lastKnownFileType = sourcecode.swift; path = RequestManager.swift; sourceTree = "<group>"; };
		734C6CDB2D14687300B2DB98 /* KFCViewController.swift */ = {isa = PBXFileReference; lastKnownFileType = sourcecode.swift; path = KFCViewController.swift; sourceTree = "<group>"; };
		734C6CDD2D14790900B2DB98 /* KFCTableViewCell.swift */ = {isa = PBXFileReference; lastKnownFileType = sourcecode.swift; path = KFCTableViewCell.swift; sourceTree = "<group>"; };
		734C6CDF2D147B5600B2DB98 /* PhotoViewController.swift */ = {isa = PBXFileReference; lastKnownFileType = sourcecode.swift; path = PhotoViewController.swift; sourceTree = "<group>"; };
		734F7D922D144E760086A214 /* StepView.swift */ = {isa = PBXFileReference; lastKnownFileType = sourcecode.swift; path = StepView.swift; sourceTree = "<group>"; };
		7374160C2D0D56EB00E6CD23 /* LoginView.swift */ = {isa = PBXFileReference; lastKnownFileType = sourcecode.swift; path = LoginView.swift; sourceTree = "<group>"; };
		737416102D0D581700E6CD23 /* BaseConfig.swift */ = {isa = PBXFileReference; lastKnownFileType = sourcecode.swift; path = BaseConfig.swift; sourceTree = "<group>"; };
		737416122D0D5FFA00E6CD23 /* LoginViewController.swift */ = {isa = PBXFileReference; lastKnownFileType = sourcecode.swift; path = LoginViewController.swift; sourceTree = "<group>"; };
		737416142D0D6F3D00E6CD23 /* HomeViewController.swift */ = {isa = PBXFileReference; lastKnownFileType = sourcecode.swift; path = HomeViewController.swift; sourceTree = "<group>"; };
		737416162D0D6F4800E6CD23 /* OrdersViewController.swift */ = {isa = PBXFileReference; lastKnownFileType = sourcecode.swift; path = OrdersViewController.swift; sourceTree = "<group>"; };
		737416182D0D6F5000E6CD23 /* CenterViewController.swift */ = {isa = PBXFileReference; lastKnownFileType = sourcecode.swift; path = CenterViewController.swift; sourceTree = "<group>"; };
		7374161C2D0E92CA00E6CD23 /* HomeSubView.swift */ = {isa = PBXFileReference; lastKnownFileType = sourcecode.swift; path = HomeSubView.swift; sourceTree = "<group>"; };
		7374161E2D0E92D700E6CD23 /* HomeMainView.swift */ = {isa = PBXFileReference; lastKnownFileType = sourcecode.swift; path = HomeMainView.swift; sourceTree = "<group>"; };
		737416222D0E9CA100E6CD23 /* CenterView.swift */ = {isa = PBXFileReference; lastKnownFileType = sourcecode.swift; path = CenterView.swift; sourceTree = "<group>"; };
		737416242D0EA0CC00E6CD23 /* HeadView.swift */ = {isa = PBXFileReference; lastKnownFileType = sourcecode.swift; path = HeadView.swift; sourceTree = "<group>"; };
		737416282D0EAF5C00E6CD23 /* SetViewController.swift */ = {isa = PBXFileReference; lastKnownFileType = sourcecode.swift; path = SetViewController.swift; sourceTree = "<group>"; };
		737416512D1060F900E6CD23 /* LConig.swift */ = {isa = PBXFileReference; lastKnownFileType = sourcecode.swift; path = LConig.swift; sourceTree = "<group>"; };
		737416532D1069AF00E6CD23 /* Model.swift */ = {isa = PBXFileReference; lastKnownFileType = sourcecode.swift; path = Model.swift; sourceTree = "<group>"; };
		7393C2AA2D1F0DC10013F566 /* PushGoldenView.swift */ = {isa = PBXFileReference; lastKnownFileType = sourcecode.swift; path = PushGoldenView.swift; sourceTree = "<group>"; };
		7393C2AC2D1F15B80013F566 /* WebpageViewController.swift */ = {isa = PBXFileReference; lastKnownFileType = sourcecode.swift; path = WebpageViewController.swift; sourceTree = "<group>"; };
		7393C2AE2D1F1F2D0013F566 /* OrderView.swift */ = {isa = PBXFileReference; lastKnownFileType = sourcecode.swift; path = OrderView.swift; sourceTree = "<group>"; };
		7393C2B02D1FC1A80013F566 /* OrderViewCell.swift */ = {isa = PBXFileReference; lastKnownFileType = sourcecode.swift; path = OrderViewCell.swift; sourceTree = "<group>"; };
		7393C2B22D1FCE190013F566 /* OrderemptyView.swift */ = {isa = PBXFileReference; lastKnownFileType = sourcecode.swift; path = OrderemptyView.swift; sourceTree = "<group>"; };
		7393C2B42D1FD42C0013F566 /* OrdereListviewController.swift */ = {isa = PBXFileReference; lastKnownFileType = sourcecode.swift; path = OrdereListviewController.swift; sourceTree = "<group>"; };
		7393C2B62D1FE6E50013F566 /* NBOManager.swift */ = {isa = PBXFileReference; lastKnownFileType = sourcecode.swift; path = NBOManager.swift; sourceTree = "<group>"; };
		73B1C34F2D20482A008D2E23 /* Networkmanager.swift */ = {isa = PBXFileReference; lastKnownFileType = sourcecode.swift; path = Networkmanager.swift; sourceTree = "<group>"; };
		73B1C3512D20517B008D2E23 /* DeSbConfig.swift */ = {isa = PBXFileReference; lastKnownFileType = sourcecode.swift; path = DeSbConfig.swift; sourceTree = "<group>"; };
		73B1C3532D205193008D2E23 /* WallenConfig.swift */ = {isa = PBXFileReference; lastKnownFileType = sourcecode.swift; path = WallenConfig.swift; sourceTree = "<group>"; };
		73B1C3552D2055A7008D2E23 /* WlaninfoConfig.swift */ = {isa = PBXFileReference; lastKnownFileType = sourcecode.swift; path = WlaninfoConfig.swift; sourceTree = "<group>"; };
		73B1C3572D2055C2008D2E23 /* NcBdConfig.swift */ = {isa = PBXFileReference; lastKnownFileType = sourcecode.swift; path = NcBdConfig.swift; sourceTree = "<group>"; };
		73B1C3592D20FAC5008D2E23 /* LocationManager.swift */ = {isa = PBXFileReference; lastKnownFileType = sourcecode.swift; path = LocationManager.swift; sourceTree = "<group>"; };
		73B1C35B2D212F68008D2E23 /* ProductViewCell.swift */ = {isa = PBXFileReference; lastKnownFileType = sourcecode.swift; path = ProductViewCell.swift; sourceTree = "<group>"; };
		73C752372D19A50900C47187 /* EnterWordsCell.swift */ = {isa = PBXFileReference; lastKnownFileType = sourcecode.swift; path = EnterWordsCell.swift; sourceTree = "<group>"; };
		73C752392D19A55000C47187 /* ClockWordsCell.swift */ = {isa = PBXFileReference; lastKnownFileType = sourcecode.swift; path = ClockWordsCell.swift; sourceTree = "<group>"; };
		73C7523B2D1AE77600C47187 /* ClickBtnConfig.swift */ = {isa = PBXFileReference; lastKnownFileType = sourcecode.swift; path = ClickBtnConfig.swift; sourceTree = "<group>"; };
		73C7523D2D1AEA4500C47187 /* PillConfig.swift */ = {isa = PBXFileReference; lastKnownFileType = sourcecode.swift; path = PillConfig.swift; sourceTree = "<group>"; };
		73C7523F2D1B090A00C47187 /* AVTEViewController.swift */ = {isa = PBXFileReference; lastKnownFileType = sourcecode.swift; path = AVTEViewController.swift; sourceTree = "<group>"; };
		73C752412D1C487A00C47187 /* ConLULULemonViewController.swift */ = {isa = PBXFileReference; lastKnownFileType = sourcecode.swift; path = ConLULULemonViewController.swift; sourceTree = "<group>"; };
		73C752432D1C4CBE00C47187 /* ConLULULemonCong.swift */ = {isa = PBXFileReference; lastKnownFileType = sourcecode.swift; path = ConLULULemonCong.swift; sourceTree = "<group>"; };
		73C752452D1C51C400C47187 /* ConLULULemonCongTableViewCell.swift */ = {isa = PBXFileReference; lastKnownFileType = sourcecode.swift; path = ConLULULemonCongTableViewCell.swift; sourceTree = "<group>"; };
		73C7524F2D1D8D3C00C47187 /* ContactManager.swift */ = {isa = PBXFileReference; lastKnownFileType = sourcecode.swift; path = ContactManager.swift; sourceTree = "<group>"; };
		73C752512D1D9ACA00C47187 /* GoldenViewController.swift */ = {isa = PBXFileReference; lastKnownFileType = sourcecode.swift; path = GoldenViewController.swift; sourceTree = "<group>"; };
		73C8B4542D132A2700B10C07 /* ZTViewController.swift */ = {isa = PBXFileReference; lastKnownFileType = sourcecode.swift; path = ZTViewController.swift; sourceTree = "<group>"; };
		73E56BDE2D11B9070015BF34 /* LaunchViewController.swift */ = {isa = PBXFileReference; lastKnownFileType = sourcecode.swift; path = LaunchViewController.swift; sourceTree = "<group>"; };
		73EEE7A62D0B315100001E22 /* LargeLoan.entitlements */ = {isa = PBXFileReference; lastKnownFileType = text.plist.entitlements; path = LargeLoan.entitlements; sourceTree = "<group>"; };
		73EEE7AC2D0B399F00001E22 /* BaseViewController.swift */ = {isa = PBXFileReference; lastKnownFileType = sourcecode.swift; path = BaseViewController.swift; sourceTree = "<group>"; };
		73EEE7AE2D0B39BD00001E22 /* BaseTabBarViewController.swift */ = {isa = PBXFileReference; lastKnownFileType = sourcecode.swift; path = BaseTabBarViewController.swift; sourceTree = "<group>"; };
		73EEE7B02D0B39D300001E22 /* BaseNavigationController.swift */ = {isa = PBXFileReference; lastKnownFileType = sourcecode.swift; path = BaseNavigationController.swift; sourceTree = "<group>"; };
		73EEE7B22D0B3A2F00001E22 /* BaseView.swift */ = {isa = PBXFileReference; lastKnownFileType = sourcecode.swift; path = BaseView.swift; sourceTree = "<group>"; };
		73EEE7B42D0B3A4300001E22 /* BaseTableViewCell.swift */ = {isa = PBXFileReference; lastKnownFileType = sourcecode.swift; path = BaseTableViewCell.swift; sourceTree = "<group>"; };
		E11B398928AED853E719D112 /* Pods-LargeLoan.release.xcconfig */ = {isa = PBXFileReference; includeInIndex = 1; lastKnownFileType = text.xcconfig; name = "Pods-LargeLoan.release.xcconfig"; path = "Target Support Files/Pods-LargeLoan/Pods-LargeLoan.release.xcconfig"; sourceTree = "<group>"; };
		F0C36DF32FE13C55A8E5C6C7 /* Pods-LargeLoan.debug.xcconfig */ = {isa = PBXFileReference; includeInIndex = 1; lastKnownFileType = text.xcconfig; name = "Pods-LargeLoan.debug.xcconfig"; path = "Target Support Files/Pods-LargeLoan/Pods-LargeLoan.debug.xcconfig"; sourceTree = "<group>"; };
/* End PBXFileReference section */

/* Begin PBXFrameworksBuildPhase section */
		734312A62CF9693A007FB9AB /* Frameworks */ = {
			isa = PBXFrameworksBuildPhase;
			buildActionMask = 2147483647;
			files = (
				A438B259D72958E899BF844F /* Pods_LargeLoan.framework in Frameworks */,
			);
			runOnlyForDeploymentPostprocessing = 0;
		};
/* End PBXFrameworksBuildPhase section */

/* Begin PBXGroup section */
		734312A02CF9693A007FB9AB = {
			isa = PBXGroup;
			children = (
				734312DB2CF96A9F007FB9AB /* LargeLoan */,
				734312AA2CF9693A007FB9AB /* Products */,
				F70ABB860B2DA0FB45FD8C12 /* Pods */,
				C749AD32285D558DBE6DA14C /* Frameworks */,
			);
			sourceTree = "<group>";
		};
		734312AA2CF9693A007FB9AB /* Products */ = {
			isa = PBXGroup;
			children = (
				734312A92CF9693A007FB9AB /* LargeLoan.app */,
			);
			name = Products;
			sourceTree = "<group>";
		};
		734312DB2CF96A9F007FB9AB /* LargeLoan */ = {
			isa = PBXGroup;
			children = (
				734312D82CF96A9F007FB9AB /* Info.plist */,
				734312D72CF96A9F007FB9AB /* Assets.xcassets */,
				73EEE7A62D0B315100001E22 /* LargeLoan.entitlements */,
				734312D62CF96A9F007FB9AB /* AppDelegate.swift */,
				734312DA2CF96A9F007FB9AB /* LaunchScreen.storyboard */,
				734312E02CF96AAC007FB9AB /* Config */,
				73EEE7AB2D0B391A00001E22 /* Login */,
				73EEE7AA2D0B391800001E22 /* Home */,
				73EEE7A92D0B391500001E22 /* Order */,
				73EEE7A82D0B391000001E22 /* Center */,
				73EEE7A72D0B390100001E22 /* Base */,
			);
			path = LargeLoan;
			sourceTree = "<group>";
		};
		734312E02CF96AAC007FB9AB /* Config */ = {
			isa = PBXGroup;
			children = (
				7326103D2D213B9B0022C023 /* CycleViewCell.swift */,
				737416532D1069AF00E6CD23 /* Model.swift */,
				737416512D1060F900E6CD23 /* LConig.swift */,
				737416242D0EA0CC00E6CD23 /* HeadView.swift */,
				737416102D0D581700E6CD23 /* BaseConfig.swift */,
				734312E82CF97481007FB9AB /* RequestManager.swift */,
				730375222D18150500C0885F /* PermissionManager.swift */,
				73C7523B2D1AE77600C47187 /* ClickBtnConfig.swift */,
				73C7523D2D1AEA4500C47187 /* PillConfig.swift */,
				73C752432D1C4CBE00C47187 /* ConLULULemonCong.swift */,
				73C7524F2D1D8D3C00C47187 /* ContactManager.swift */,
				7393C2B62D1FE6E50013F566 /* NBOManager.swift */,
				73B1C3532D205193008D2E23 /* WallenConfig.swift */,
				73B1C3512D20517B008D2E23 /* DeSbConfig.swift */,
				73B1C3552D2055A7008D2E23 /* WlaninfoConfig.swift */,
				73B1C3572D2055C2008D2E23 /* NcBdConfig.swift */,
				73B1C3592D20FAC5008D2E23 /* LocationManager.swift */,
				73B1C34F2D20482A008D2E23 /* Networkmanager.swift */,
			);
			path = Config;
			sourceTree = "<group>";
		};
		737416092D0D56C600E6CD23 /* Controller */ = {
			isa = PBXGroup;
			children = (
				737416122D0D5FFA00E6CD23 /* LoginViewController.swift */,
			);
			path = Controller;
			sourceTree = "<group>";
		};
		7374160A2D0D56D100E6CD23 /* View */ = {
			isa = PBXGroup;
			children = (
				7374160C2D0D56EB00E6CD23 /* LoginView.swift */,
			);
			path = View;
			sourceTree = "<group>";
		};
		7374161A2D0E928700E6CD23 /* Controller */ = {
			isa = PBXGroup;
			children = (
				737416142D0D6F3D00E6CD23 /* HomeViewController.swift */,
				73C8B4542D132A2700B10C07 /* ZTViewController.swift */,
				734C6CDB2D14687300B2DB98 /* KFCViewController.swift */,
				734C6CDF2D147B5600B2DB98 /* PhotoViewController.swift */,
				730375282D185AF200C0885F /* FaceViewController.swift */,
				7303752A2D1870F300C0885F /* AuthYIViewController.swift */,
				73C7523F2D1B090A00C47187 /* AVTEViewController.swift */,
				73C752412D1C487A00C47187 /* ConLULULemonViewController.swift */,
				73C752512D1D9ACA00C47187 /* GoldenViewController.swift */,
				7393C2AC2D1F15B80013F566 /* WebpageViewController.swift */,
			);
			path = Controller;
			sourceTree = "<group>";
		};
		7374161B2D0E929900E6CD23 /* View */ = {
			isa = PBXGroup;
			children = (
				7374161C2D0E92CA00E6CD23 /* HomeSubView.swift */,
				7374161E2D0E92D700E6CD23 /* HomeMainView.swift */,
				734F7D922D144E760086A214 /* StepView.swift */,
				734C6CDD2D14790900B2DB98 /* KFCTableViewCell.swift */,
				7303751E2D18107300C0885F /* EnterTextView.swift */,
				730375202D18108A00C0885F /* EnterBtnView.swift */,
				730375242D18211600C0885F /* PopAuthDescView.swift */,
				730375262D184F7700C0885F /* PopSelectPcView.swift */,
				73C752372D19A50900C47187 /* EnterWordsCell.swift */,
				73C752392D19A55000C47187 /* ClockWordsCell.swift */,
				73C752452D1C51C400C47187 /* ConLULULemonCongTableViewCell.swift */,
				7393C2AA2D1F0DC10013F566 /* PushGoldenView.swift */,
				73B1C35B2D212F68008D2E23 /* ProductViewCell.swift */,
			);
			path = View;
			sourceTree = "<group>";
		};
		737416202D0E9C8800E6CD23 /* Controller */ = {
			isa = PBXGroup;
			children = (
				737416182D0D6F5000E6CD23 /* CenterViewController.swift */,
				737416282D0EAF5C00E6CD23 /* SetViewController.swift */,
			);
			path = Controller;
			sourceTree = "<group>";
		};
		737416212D0E9C8F00E6CD23 /* View */ = {
			isa = PBXGroup;
			children = (
				737416222D0E9CA100E6CD23 /* CenterView.swift */,
			);
			path = View;
			sourceTree = "<group>";
		};
		73EEE7A72D0B390100001E22 /* Base */ = {
			isa = PBXGroup;
			children = (
				73EEE7B22D0B3A2F00001E22 /* BaseView.swift */,
				73EEE7B42D0B3A4300001E22 /* BaseTableViewCell.swift */,
				73EEE7AC2D0B399F00001E22 /* BaseViewController.swift */,
				73EEE7AE2D0B39BD00001E22 /* BaseTabBarViewController.swift */,
				73EEE7B02D0B39D300001E22 /* BaseNavigationController.swift */,
				73E56BDE2D11B9070015BF34 /* LaunchViewController.swift */,
			);
			path = Base;
			sourceTree = "<group>";
		};
		73EEE7A82D0B391000001E22 /* Center */ = {
			isa = PBXGroup;
			children = (
				737416212D0E9C8F00E6CD23 /* View */,
				737416202D0E9C8800E6CD23 /* Controller */,
			);
			path = Center;
			sourceTree = "<group>";
		};
		73EEE7A92D0B391500001E22 /* Order */ = {
			isa = PBXGroup;
			children = (
				7393C2AE2D1F1F2D0013F566 /* OrderView.swift */,
				7393C2B02D1FC1A80013F566 /* OrderViewCell.swift */,
				737416162D0D6F4800E6CD23 /* OrdersViewController.swift */,
				7393C2B22D1FCE190013F566 /* OrderemptyView.swift */,
				7393C2B42D1FD42C0013F566 /* OrdereListviewController.swift */,
			);
			path = Order;
			sourceTree = "<group>";
		};
		73EEE7AA2D0B391800001E22 /* Home */ = {
			isa = PBXGroup;
			children = (
				7374161B2D0E929900E6CD23 /* View */,
				7374161A2D0E928700E6CD23 /* Controller */,
			);
			path = Home;
			sourceTree = "<group>";
		};
		73EEE7AB2D0B391A00001E22 /* Login */ = {
			isa = PBXGroup;
			children = (
				7374160A2D0D56D100E6CD23 /* View */,
				737416092D0D56C600E6CD23 /* Controller */,
			);
			path = Login;
			sourceTree = "<group>";
		};
		C749AD32285D558DBE6DA14C /* Frameworks */ = {
			isa = PBXGroup;
			children = (
				0485EC6366670F1DB4F68924 /* Pods_LargeLoan.framework */,
			);
			name = Frameworks;
			sourceTree = "<group>";
		};
		F70ABB860B2DA0FB45FD8C12 /* Pods */ = {
			isa = PBXGroup;
			children = (
				F0C36DF32FE13C55A8E5C6C7 /* Pods-LargeLoan.debug.xcconfig */,
				E11B398928AED853E719D112 /* Pods-LargeLoan.release.xcconfig */,
			);
			path = Pods;
			sourceTree = "<group>";
		};
/* End PBXGroup section */

/* Begin PBXNativeTarget section */
		734312A82CF9693A007FB9AB /* LargeLoan */ = {
			isa = PBXNativeTarget;
			buildConfigurationList = 734312BC2CF9693C007FB9AB /* Build configuration list for PBXNativeTarget "LargeLoan" */;
			buildPhases = (
				A46D8C46D059B1D9BFEBF79E /* [CP] Check Pods Manifest.lock */,
				734312A52CF9693A007FB9AB /* Sources */,
				734312A62CF9693A007FB9AB /* Frameworks */,
				734312A72CF9693A007FB9AB /* Resources */,
				6738A94F2288A0E25141BFEC /* [CP] Embed Pods Frameworks */,
			);
			buildRules = (
			);
			dependencies = (
			);
			name = LargeLoan;
			productName = FastPeraPeso;
			productReference = 734312A92CF9693A007FB9AB /* LargeLoan.app */;
			productType = "com.apple.product-type.application";
		};
/* End PBXNativeTarget section */

/* Begin PBXProject section */
		734312A12CF9693A007FB9AB /* Project object */ = {
			isa = PBXProject;
			attributes = {
				BuildIndependentTargetsInParallel = 1;
				LastSwiftUpdateCheck = 1610;
				LastUpgradeCheck = 1610;
				TargetAttributes = {
					734312A82CF9693A007FB9AB = {
						CreatedOnToolsVersion = 16.1;
					};
				};
			};
			buildConfigurationList = 734312A42CF9693A007FB9AB /* Build configuration list for PBXProject "LargeLoan" */;
			developmentRegion = en;
			hasScannedForEncodings = 0;
			knownRegions = (
				en,
				Base,
			);
			mainGroup = 734312A02CF9693A007FB9AB;
			minimizedProjectReferenceProxies = 1;
			preferredProjectObjectVersion = 77;
			productRefGroup = 734312AA2CF9693A007FB9AB /* Products */;
			projectDirPath = "";
			projectRoot = "";
			targets = (
				734312A82CF9693A007FB9AB /* LargeLoan */,
			);
		};
/* End PBXProject section */

/* Begin PBXResourcesBuildPhase section */
		734312A72CF9693A007FB9AB /* Resources */ = {
			isa = PBXResourcesBuildPhase;
			buildActionMask = 2147483647;
			files = (
				734312DD2CF96A9F007FB9AB /* Assets.xcassets in Resources */,
				734312DF2CF96A9F007FB9AB /* LaunchScreen.storyboard in Resources */,
			);
			runOnlyForDeploymentPostprocessing = 0;
		};
/* End PBXResourcesBuildPhase section */

/* Begin PBXShellScriptBuildPhase section */
		6738A94F2288A0E25141BFEC /* [CP] Embed Pods Frameworks */ = {
			isa = PBXShellScriptBuildPhase;
			buildActionMask = 2147483647;
			files = (
			);
			inputFileListPaths = (
				"${PODS_ROOT}/Target Support Files/Pods-LargeLoan/Pods-LargeLoan-frameworks-${CONFIGURATION}-input-files.xcfilelist",
			);
			name = "[CP] Embed Pods Frameworks";
			outputFileListPaths = (
				"${PODS_ROOT}/Target Support Files/Pods-LargeLoan/Pods-LargeLoan-frameworks-${CONFIGURATION}-output-files.xcfilelist",
			);
			runOnlyForDeploymentPostprocessing = 0;
			shellPath = /bin/sh;
			shellScript = "\"${PODS_ROOT}/Target Support Files/Pods-LargeLoan/Pods-LargeLoan-frameworks.sh\"\n";
			showEnvVarsInLog = 0;
		};
		A46D8C46D059B1D9BFEBF79E /* [CP] Check Pods Manifest.lock */ = {
			isa = PBXShellScriptBuildPhase;
			buildActionMask = 2147483647;
			files = (
			);
			inputFileListPaths = (
			);
			inputPaths = (
				"${PODS_PODFILE_DIR_PATH}/Podfile.lock",
				"${PODS_ROOT}/Manifest.lock",
			);
			name = "[CP] Check Pods Manifest.lock";
			outputFileListPaths = (
			);
			outputPaths = (
				"$(DERIVED_FILE_DIR)/Pods-LargeLoan-checkManifestLockResult.txt",
			);
			runOnlyForDeploymentPostprocessing = 0;
			shellPath = /bin/sh;
			shellScript = "diff \"${PODS_PODFILE_DIR_PATH}/Podfile.lock\" \"${PODS_ROOT}/Manifest.lock\" > /dev/null\nif [ $? != 0 ] ; then\n    # print error to STDERR\n    echo \"error: The sandbox is not in sync with the Podfile.lock. Run 'pod install' or update your CocoaPods installation.\" >&2\n    exit 1\nfi\n# This output is used by Xcode 'outputs' to avoid re-running this script phase.\necho \"SUCCESS\" > \"${SCRIPT_OUTPUT_FILE_0}\"\n";
			showEnvVarsInLog = 0;
		};
/* End PBXShellScriptBuildPhase section */

/* Begin PBXSourcesBuildPhase section */
		734312A52CF9693A007FB9AB /* Sources */ = {
			isa = PBXSourcesBuildPhase;
			buildActionMask = 2147483647;
			files = (
				737416192D0D6F5000E6CD23 /* CenterViewController.swift in Sources */,
				730375292D185AF200C0885F /* FaceViewController.swift in Sources */,
				734C6CDE2D14790900B2DB98 /* KFCTableViewCell.swift in Sources */,
				737416292D0EAF5C00E6CD23 /* SetViewController.swift in Sources */,
				734312DC2CF96A9F007FB9AB /* AppDelegate.swift in Sources */,
				73B1C3542D205199008D2E23 /* WallenConfig.swift in Sources */,
				734312E92CF97481007FB9AB /* RequestManager.swift in Sources */,
				7393C2B52D1FD42C0013F566 /* OrdereListviewController.swift in Sources */,
				73EEE7AD2D0B399F00001E22 /* BaseViewController.swift in Sources */,
				737416252D0EA0CC00E6CD23 /* HeadView.swift in Sources */,
				73B1C3582D2055C7008D2E23 /* NcBdConfig.swift in Sources */,
				73C752382D19A50900C47187 /* EnterWordsCell.swift in Sources */,
				73B1C3522D20517C008D2E23 /* DeSbConfig.swift in Sources */,
				737416522D10610C00E6CD23 /* LConig.swift in Sources */,
				7393C2B72D1FE6F60013F566 /* NBOManager.swift in Sources */,
				73EEE7B32D0B3A2F00001E22 /* BaseView.swift in Sources */,
				7393C2AF2D1F1F2D0013F566 /* OrderView.swift in Sources */,
				7326103E2D213BA40022C023 /* CycleViewCell.swift in Sources */,
				7393C2AB2D1F0DC10013F566 /* PushGoldenView.swift in Sources */,
				73C7523C2D1AE77600C47187 /* ClickBtnConfig.swift in Sources */,
				730375252D18211600C0885F /* PopAuthDescView.swift in Sources */,
				73B1C35C2D212F68008D2E23 /* ProductViewCell.swift in Sources */,
				73C752422D1C487A00C47187 /* ConLULULemonViewController.swift in Sources */,
				734C6CDC2D14687300B2DB98 /* KFCViewController.swift in Sources */,
				7374161D2D0E92CA00E6CD23 /* HomeSubView.swift in Sources */,
				734F7D932D144E760086A214 /* StepView.swift in Sources */,
				73EEE7B52D0B3A4300001E22 /* BaseTableViewCell.swift in Sources */,
				737416232D0E9CA100E6CD23 /* CenterView.swift in Sources */,
				73C752522D1D9ACA00C47187 /* GoldenViewController.swift in Sources */,
				7303752B2D1870F300C0885F /* AuthYIViewController.swift in Sources */,
				73EEE7B12D0B39D300001E22 /* BaseNavigationController.swift in Sources */,
				7393C2AD2D1F15B80013F566 /* WebpageViewController.swift in Sources */,
				7393C2B32D1FCE190013F566 /* OrderemptyView.swift in Sources */,
				7374160D2D0D56EB00E6CD23 /* LoginView.swift in Sources */,
				737416172D0D6F4800E6CD23 /* OrdersViewController.swift in Sources */,
				73C752402D1B090A00C47187 /* AVTEViewController.swift in Sources */,
				73C8B4552D132A2700B10C07 /* ZTViewController.swift in Sources */,
				730375212D18108A00C0885F /* EnterBtnView.swift in Sources */,
				73C752462D1C51C400C47187 /* ConLULULemonCongTableViewCell.swift in Sources */,
				730375272D184F7700C0885F /* PopSelectPcView.swift in Sources */,
				73B1C3562D2055AF008D2E23 /* WlaninfoConfig.swift in Sources */,
				7393C2B12D1FC1A80013F566 /* OrderViewCell.swift in Sources */,
				73C752502D1D8D3D00C47187 /* ContactManager.swift in Sources */,
				73B1C3502D204837008D2E23 /* Networkmanager.swift in Sources */,
				737416152D0D6F3D00E6CD23 /* HomeViewController.swift in Sources */,
				737416542D1069AF00E6CD23 /* Model.swift in Sources */,
				737416112D0D581700E6CD23 /* BaseConfig.swift in Sources */,
				737416132D0D5FFA00E6CD23 /* LoginViewController.swift in Sources */,
				73C7523A2D19A55000C47187 /* ClockWordsCell.swift in Sources */,
				73C7523E2D1AEA5100C47187 /* PillConfig.swift in Sources */,
				7303751F2D18107300C0885F /* EnterTextView.swift in Sources */,
				73E56BDF2D11B9070015BF34 /* LaunchViewController.swift in Sources */,
				7374161F2D0E92D700E6CD23 /* HomeMainView.swift in Sources */,
				73EEE7AF2D0B39BD00001E22 /* BaseTabBarViewController.swift in Sources */,
				73B1C35A2D20FAC5008D2E23 /* LocationManager.swift in Sources */,
				73C752442D1C4CBE00C47187 /* ConLULULemonCong.swift in Sources */,
				730375232D18150500C0885F /* PermissionManager.swift in Sources */,
				734C6CE02D147B5600B2DB98 /* PhotoViewController.swift in Sources */,
			);
			runOnlyForDeploymentPostprocessing = 0;
		};
/* End PBXSourcesBuildPhase section */

/* Begin PBXVariantGroup section */
		734312DA2CF96A9F007FB9AB /* LaunchScreen.storyboard */ = {
			isa = PBXVariantGroup;
			children = (
				734312D92CF96A9F007FB9AB /* Base */,
			);
			name = LaunchScreen.storyboard;
			sourceTree = "<group>";
		};
/* End PBXVariantGroup section */

/* Begin XCBuildConfiguration section */
		734312BD2CF9693C007FB9AB /* Debug */ = {
			isa = XCBuildConfiguration;
			baseConfigurationReference = F0C36DF32FE13C55A8E5C6C7 /* Pods-LargeLoan.debug.xcconfig */;
			buildSettings = {
				ASSETCATALOG_COMPILER_APPICON_NAME = AppIcon;
				ASSETCATALOG_COMPILER_GLOBAL_ACCENT_COLOR_NAME = AccentColor;
				CODE_SIGN_ENTITLEMENTS = LargeLoan/LargeLoan.entitlements;
				CODE_SIGN_IDENTITY = "Apple Development";
				"CODE_SIGN_IDENTITY[sdk=iphoneos*]" = "iPhone Developer";
				CODE_SIGN_STYLE = Manual;
				CURRENT_PROJECT_VERSION = 1;
				DEVELOPMENT_TEAM = "";
				"DEVELOPMENT_TEAM[sdk=iphoneos*]" = XS8842FK7N;
				ENABLE_USER_SCRIPT_SANDBOXING = NO;
				GENERATE_INFOPLIST_FILE = YES;
				INFOPLIST_FILE = LargeLoan/Info.plist;
				INFOPLIST_KEY_CFBundleDisplayName = "Large Loan";
				INFOPLIST_KEY_NSCameraUsageDescription = "";
				INFOPLIST_KEY_NSContactsUsageDescription = "";
				INFOPLIST_KEY_NSLocationAlwaysUsageDescription = "";
				INFOPLIST_KEY_NSLocationWhenInUseUsageDescription = "";
				INFOPLIST_KEY_NSPhotoLibraryUsageDescription = "";
				INFOPLIST_KEY_NSUserTrackingUsageDescription = "";
				INFOPLIST_KEY_UIApplicationSupportsIndirectInputEvents = YES;
				INFOPLIST_KEY_UILaunchStoryboardName = LaunchScreen;
				INFOPLIST_KEY_UISupportedInterfaceOrientations = UIInterfaceOrientationPortrait;
				INFOPLIST_KEY_UISupportedInterfaceOrientations_iPad = "UIInterfaceOrientationLandscapeLeft UIInterfaceOrientationLandscapeRight UIInterfaceOrientationPortrait UIInterfaceOrientationPortraitUpsideDown";
				INFOPLIST_KEY_UIUserInterfaceStyle = Light;
				IPHONEOS_DEPLOYMENT_TARGET = 14.0;
				LD_RUNPATH_SEARCH_PATHS = (
					"$(inherited)",
					"@executable_path/Frameworks",
				);
				MARKETING_VERSION = 1.0.0;
				PRODUCT_BUNDLE_IDENTIFIER = test.app.ald.com;
				PRODUCT_NAME = "$(TARGET_NAME)";
				PROVISIONING_PROFILE_SPECIFIER = "";
				"PROVISIONING_PROFILE_SPECIFIER[sdk=iphoneos*]" = testappaldprofile;
				SUPPORTED_PLATFORMS = "iphoneos iphonesimulator";
				SUPPORTS_MACCATALYST = NO;
				SUPPORTS_MAC_DESIGNED_FOR_IPHONE_IPAD = NO;
				SUPPORTS_XR_DESIGNED_FOR_IPHONE_IPAD = NO;
				SWIFT_EMIT_LOC_STRINGS = YES;
				SWIFT_VERSION = 5.0;
				TARGETED_DEVICE_FAMILY = 1;
			};
			name = Debug;
		};
		734312BE2CF9693C007FB9AB /* Release */ = {
			isa = XCBuildConfiguration;
			baseConfigurationReference = E11B398928AED853E719D112 /* Pods-LargeLoan.release.xcconfig */;
			buildSettings = {
				ASSETCATALOG_COMPILER_APPICON_NAME = AppIcon;
				ASSETCATALOG_COMPILER_GLOBAL_ACCENT_COLOR_NAME = AccentColor;
				CODE_SIGN_ENTITLEMENTS = LargeLoan/LargeLoan.entitlements;
				CODE_SIGN_IDENTITY = "Apple Development";
				"CODE_SIGN_IDENTITY[sdk=iphoneos*]" = "iPhone Developer";
				CODE_SIGN_STYLE = Manual;
				CURRENT_PROJECT_VERSION = 1;
				DEVELOPMENT_TEAM = "";
				"DEVELOPMENT_TEAM[sdk=iphoneos*]" = XS8842FK7N;
				ENABLE_USER_SCRIPT_SANDBOXING = NO;
				GENERATE_INFOPLIST_FILE = YES;
				INFOPLIST_FILE = LargeLoan/Info.plist;
				INFOPLIST_KEY_CFBundleDisplayName = "Large Loan";
				INFOPLIST_KEY_NSCameraUsageDescription = "";
				INFOPLIST_KEY_NSContactsUsageDescription = "";
				INFOPLIST_KEY_NSLocationAlwaysUsageDescription = "";
				INFOPLIST_KEY_NSLocationWhenInUseUsageDescription = "";
				INFOPLIST_KEY_NSPhotoLibraryUsageDescription = "";
				INFOPLIST_KEY_NSUserTrackingUsageDescription = "";
				INFOPLIST_KEY_UIApplicationSupportsIndirectInputEvents = YES;
				INFOPLIST_KEY_UILaunchStoryboardName = LaunchScreen;
				INFOPLIST_KEY_UISupportedInterfaceOrientations = UIInterfaceOrientationPortrait;
				INFOPLIST_KEY_UISupportedInterfaceOrientations_iPad = "UIInterfaceOrientationLandscapeLeft UIInterfaceOrientationLandscapeRight UIInterfaceOrientationPortrait UIInterfaceOrientationPortraitUpsideDown";
				INFOPLIST_KEY_UIUserInterfaceStyle = Light;
				IPHONEOS_DEPLOYMENT_TARGET = 14.0;
				LD_RUNPATH_SEARCH_PATHS = (
					"$(inherited)",
					"@executable_path/Frameworks",
				);
				MARKETING_VERSION = 1.0.0;
				PRODUCT_BUNDLE_IDENTIFIER = test.app.ald.com;
				PRODUCT_NAME = "$(TARGET_NAME)";
				PROVISIONING_PROFILE_SPECIFIER = "";
				"PROVISIONING_PROFILE_SPECIFIER[sdk=iphoneos*]" = testappaldprofile;
				SUPPORTED_PLATFORMS = "iphoneos iphonesimulator";
				SUPPORTS_MACCATALYST = NO;
				SUPPORTS_MAC_DESIGNED_FOR_IPHONE_IPAD = NO;
				SUPPORTS_XR_DESIGNED_FOR_IPHONE_IPAD = NO;
				SWIFT_EMIT_LOC_STRINGS = YES;
				SWIFT_VERSION = 5.0;
				TARGETED_DEVICE_FAMILY = 1;
			};
			name = Release;
		};
		734312BF2CF9693C007FB9AB /* Debug */ = {
			isa = XCBuildConfiguration;
			buildSettings = {
				ALWAYS_SEARCH_USER_PATHS = NO;
				ASSETCATALOG_COMPILER_GENERATE_SWIFT_ASSET_SYMBOL_EXTENSIONS = YES;
				CLANG_ANALYZER_NONNULL = YES;
				CLANG_ANALYZER_NUMBER_OBJECT_CONVERSION = YES_AGGRESSIVE;
				CLANG_CXX_LANGUAGE_STANDARD = "gnu++20";
				CLANG_ENABLE_MODULES = YES;
				CLANG_ENABLE_OBJC_ARC = YES;
				CLANG_ENABLE_OBJC_WEAK = YES;
				CLANG_WARN_BLOCK_CAPTURE_AUTORELEASING = YES;
				CLANG_WARN_BOOL_CONVERSION = YES;
				CLANG_WARN_COMMA = YES;
				CLANG_WARN_CONSTANT_CONVERSION = YES;
				CLANG_WARN_DEPRECATED_OBJC_IMPLEMENTATIONS = YES;
				CLANG_WARN_DIRECT_OBJC_ISA_USAGE = YES_ERROR;
				CLANG_WARN_DOCUMENTATION_COMMENTS = YES;
				CLANG_WARN_EMPTY_BODY = YES;
				CLANG_WARN_ENUM_CONVERSION = YES;
				CLANG_WARN_INFINITE_RECURSION = YES;
				CLANG_WARN_INT_CONVERSION = YES;
				CLANG_WARN_NON_LITERAL_NULL_CONVERSION = YES;
				CLANG_WARN_OBJC_IMPLICIT_RETAIN_SELF = YES;
				CLANG_WARN_OBJC_LITERAL_CONVERSION = YES;
				CLANG_WARN_OBJC_ROOT_CLASS = YES_ERROR;
				CLANG_WARN_QUOTED_INCLUDE_IN_FRAMEWORK_HEADER = YES;
				CLANG_WARN_RANGE_LOOP_ANALYSIS = YES;
				CLANG_WARN_STRICT_PROTOTYPES = YES;
				CLANG_WARN_SUSPICIOUS_MOVE = YES;
				CLANG_WARN_UNGUARDED_AVAILABILITY = YES_AGGRESSIVE;
				CLANG_WARN_UNREACHABLE_CODE = YES;
				CLANG_WARN__DUPLICATE_METHOD_MATCH = YES;
				COPY_PHASE_STRIP = NO;
				DEBUG_INFORMATION_FORMAT = dwarf;
				ENABLE_STRICT_OBJC_MSGSEND = YES;
				ENABLE_TESTABILITY = YES;
				ENABLE_USER_SCRIPT_SANDBOXING = YES;
				GCC_C_LANGUAGE_STANDARD = gnu17;
				GCC_DYNAMIC_NO_PIC = NO;
				GCC_NO_COMMON_BLOCKS = YES;
				GCC_OPTIMIZATION_LEVEL = 0;
				GCC_PREPROCESSOR_DEFINITIONS = (
					"DEBUG=1",
					"$(inherited)",
				);
				GCC_WARN_64_TO_32_BIT_CONVERSION = YES;
				GCC_WARN_ABOUT_RETURN_TYPE = YES_ERROR;
				GCC_WARN_UNDECLARED_SELECTOR = YES;
				GCC_WARN_UNINITIALIZED_AUTOS = YES_AGGRESSIVE;
				GCC_WARN_UNUSED_FUNCTION = YES;
				GCC_WARN_UNUSED_VARIABLE = YES;
				IPHONEOS_DEPLOYMENT_TARGET = 18.1;
				LOCALIZATION_PREFERS_STRING_CATALOGS = YES;
				MTL_ENABLE_DEBUG_INFO = INCLUDE_SOURCE;
				MTL_FAST_MATH = YES;
				ONLY_ACTIVE_ARCH = YES;
				SDKROOT = iphoneos;
				SWIFT_ACTIVE_COMPILATION_CONDITIONS = "DEBUG $(inherited)";
				SWIFT_OPTIMIZATION_LEVEL = "-Onone";
			};
			name = Debug;
		};
		734312C02CF9693C007FB9AB /* Release */ = {
			isa = XCBuildConfiguration;
			buildSettings = {
				ALWAYS_SEARCH_USER_PATHS = NO;
				ASSETCATALOG_COMPILER_GENERATE_SWIFT_ASSET_SYMBOL_EXTENSIONS = YES;
				CLANG_ANALYZER_NONNULL = YES;
				CLANG_ANALYZER_NUMBER_OBJECT_CONVERSION = YES_AGGRESSIVE;
				CLANG_CXX_LANGUAGE_STANDARD = "gnu++20";
				CLANG_ENABLE_MODULES = YES;
				CLANG_ENABLE_OBJC_ARC = YES;
				CLANG_ENABLE_OBJC_WEAK = YES;
				CLANG_WARN_BLOCK_CAPTURE_AUTORELEASING = YES;
				CLANG_WARN_BOOL_CONVERSION = YES;
				CLANG_WARN_COMMA = YES;
				CLANG_WARN_CONSTANT_CONVERSION = YES;
				CLANG_WARN_DEPRECATED_OBJC_IMPLEMENTATIONS = YES;
				CLANG_WARN_DIRECT_OBJC_ISA_USAGE = YES_ERROR;
				CLANG_WARN_DOCUMENTATION_COMMENTS = YES;
				CLANG_WARN_EMPTY_BODY = YES;
				CLANG_WARN_ENUM_CONVERSION = YES;
				CLANG_WARN_INFINITE_RECURSION = YES;
				CLANG_WARN_INT_CONVERSION = YES;
				CLANG_WARN_NON_LITERAL_NULL_CONVERSION = YES;
				CLANG_WARN_OBJC_IMPLICIT_RETAIN_SELF = YES;
				CLANG_WARN_OBJC_LITERAL_CONVERSION = YES;
				CLANG_WARN_OBJC_ROOT_CLASS = YES_ERROR;
				CLANG_WARN_QUOTED_INCLUDE_IN_FRAMEWORK_HEADER = YES;
				CLANG_WARN_RANGE_LOOP_ANALYSIS = YES;
				CLANG_WARN_STRICT_PROTOTYPES = YES;
				CLANG_WARN_SUSPICIOUS_MOVE = YES;
				CLANG_WARN_UNGUARDED_AVAILABILITY = YES_AGGRESSIVE;
				CLANG_WARN_UNREACHABLE_CODE = YES;
				CLANG_WARN__DUPLICATE_METHOD_MATCH = YES;
				COPY_PHASE_STRIP = NO;
				DEBUG_INFORMATION_FORMAT = "dwarf-with-dsym";
				ENABLE_NS_ASSERTIONS = NO;
				ENABLE_STRICT_OBJC_MSGSEND = YES;
				ENABLE_USER_SCRIPT_SANDBOXING = YES;
				GCC_C_LANGUAGE_STANDARD = gnu17;
				GCC_NO_COMMON_BLOCKS = YES;
				GCC_WARN_64_TO_32_BIT_CONVERSION = YES;
				GCC_WARN_ABOUT_RETURN_TYPE = YES_ERROR;
				GCC_WARN_UNDECLARED_SELECTOR = YES;
				GCC_WARN_UNINITIALIZED_AUTOS = YES_AGGRESSIVE;
				GCC_WARN_UNUSED_FUNCTION = YES;
				GCC_WARN_UNUSED_VARIABLE = YES;
				IPHONEOS_DEPLOYMENT_TARGET = 18.1;
				LOCALIZATION_PREFERS_STRING_CATALOGS = YES;
				MTL_ENABLE_DEBUG_INFO = NO;
				MTL_FAST_MATH = YES;
				SDKROOT = iphoneos;
				SWIFT_COMPILATION_MODE = wholemodule;
				VALIDATE_PRODUCT = YES;
			};
			name = Release;
		};
/* End XCBuildConfiguration section */

/* Begin XCConfigurationList section */
		734312A42CF9693A007FB9AB /* Build configuration list for PBXProject "LargeLoan" */ = {
			isa = XCConfigurationList;
			buildConfigurations = (
				734312BF2CF9693C007FB9AB /* Debug */,
				734312C02CF9693C007FB9AB /* Release */,
			);
			defaultConfigurationIsVisible = 0;
			defaultConfigurationName = Release;
		};
		734312BC2CF9693C007FB9AB /* Build configuration list for PBXNativeTarget "LargeLoan" */ = {
			isa = XCConfigurationList;
			buildConfigurations = (
				734312BD2CF9693C007FB9AB /* Debug */,
				734312BE2CF9693C007FB9AB /* Release */,
			);
			defaultConfigurationIsVisible = 0;
			defaultConfigurationName = Release;
		};
/* End XCConfigurationList section */
	};
	rootObject = 734312A12CF9693A007FB9AB /* Project object */;
}
